
Microsoft Visual Studio Solution File, Format Version 12.00
# Visual Studio Version 16
VisualStudioVersion = 16.0.31613.86
MinimumVisualStudioVersion = 10.0.40219.1
Project("{FAE04EC0-301F-11D3-BF4B-00C04F79EFBC}") = "OOPCS_Revision", "OOPCS_Revision.csproj", "{DA98D850-BFAB-4F38-93BB-00D64421D96D}"
EndProject
Global
	GlobalSection(SolutionConfigurationPlatforms) = preSolution
		Debug|Any CPU = Debug|Any CPU
		Release|Any CPU = Release|Any CPU
	EndGlobalSection
	GlobalSection(ProjectConfigurationPlatforms) = postSolution
		{DA98D850-BFAB-4F38-93BB-00D64421D96D}.Debug|Any CPU.ActiveCfg = Debug|Any CPU
		{DA98D850-BFAB-4F38-93BB-00D64421D96D}.Debug|Any CPU.Build.0 = Debug|Any CPU
		{DA98D850-BFAB-4F38-93BB-00D64421D96D}.Release|Any CPU.ActiveCfg = Release|Any CPU
		{DA98D850-BFAB-4F38-93BB-00D64421D96D}.Release|Any CPU.Build.0 = Release|Any CPU
	EndGlobalSection
	GlobalSection(SolutionProperties) = preSolution
		HideSolutionNode = FALSE
	EndGlobalSection
	GlobalSection(ExtensibilityGlobals) = postSolution
		SolutionGuid = {24E6958E-FAF2-4E30-BE58-944EFECF731E}
	EndGlobalSection
EndGlobal
